
Microsoft Visual Studio Solution File, Format Version 12.00
# Visual Studio Version 16
VisualStudioVersion = 16.0.30503.244
MinimumVisualStudioVersion = 10.0.40219.1
Project("{FAE04EC0-301F-11D3-BF4B-00C04F79EFBC}") = "R09546014HungYLAss10", "R09546014HungYLAss10\R09546014HungYLAss10.csproj", "{1330536A-7717-4630-A316-ED21A7652CC2}"
EndProject
Global
	GlobalSection(SolutionConfigurationPlatforms) = preSolution
		Debug|Any CPU = Debug|Any CPU
		Release|Any CPU = Release|Any CPU
	EndGlobalSection
	GlobalSection(ProjectConfigurationPlatforms) = postSolution
		{1330536A-7717-4630-A316-ED21A7652CC2}.Debug|Any CPU.ActiveCfg = Debug|Any CPU
		{1330536A-7717-4630-A316-ED21A7652CC2}.Debug|Any CPU.Build.0 = Debug|Any CPU
		{1330536A-7717-4630-A316-ED21A7652CC2}.Release|Any CPU.ActiveCfg = Release|Any CPU
		{1330536A-7717-4630-A316-ED21A7652CC2}.Release|Any CPU.Build.0 = Release|Any CPU
	EndGlobalSection
	GlobalSection(SolutionProperties) = preSolution
		HideSolutionNode = FALSE
	EndGlobalSection
	GlobalSection(ExtensibilityGlobals) = postSolution
		SolutionGuid = {240DD675-0284-43DF-8200-1FC928704FAD}
	EndGlobalSection
EndGlobal
